// !$*UTF8*$!
{
	archiveVersion = 1;
	classes = {
	};
	objectVersion = 55;
	objects = {

/* Begin PBXBuildFile section */
		FD60DF82281B2A1C00BD9B04 /* ExerciseSwiftComponentApp.swift in Sources */ = {isa = PBXBuildFile; fileRef = FD60DF81281B2A1C00BD9B04 /* ExerciseSwiftComponentApp.swift */; };
		FD60DF84281B2A1C00BD9B04 /* ContentView.swift in Sources */ = {isa = PBXBuildFile; fileRef = FD60DF83281B2A1C00BD9B04 /* ContentView.swift */; };
		FD60DF86281B2A1D00BD9B04 /* Assets.xcassets in Resources */ = {isa = PBXBuildFile; fileRef = FD60DF85281B2A1D00BD9B04 /* Assets.xcassets */; };
		FD60DF89281B2A1D00BD9B04 /* Preview Assets.xcassets in Resources */ = {isa = PBXBuildFile; fileRef = FD60DF88281B2A1D00BD9B04 /* Preview Assets.xcassets */; };
		FD60DF94281B2F0700BD9B04 /* Bookworm.xcdatamodeld in Sources */ = {isa = PBXBuildFile; fileRef = FD60DF92281B2F0700BD9B04 /* Bookworm.xcdatamodeld */; };
		FD60DF96281B301C00BD9B04 /* DataController.swift in Sources */ = {isa = PBXBuildFile; fileRef = FD60DF95281B301C00BD9B04 /* DataController.swift */; };
		FD60DF98281B7F2B00BD9B04 /* ContentCoreData.swift in Sources */ = {isa = PBXBuildFile; fileRef = FD60DF97281B7F2B00BD9B04 /* ContentCoreData.swift */; };
		FD60DF9B281BCB5400BD9B04 /* SearchBarExample.swift in Sources */ = {isa = PBXBuildFile; fileRef = FD60DF9A281BCB5400BD9B04 /* SearchBarExample.swift */; };
		FD60DF9E281BD19400BD9B04 /* BubbleChat.swift in Sources */ = {isa = PBXBuildFile; fileRef = FD60DF9D281BD19400BD9B04 /* BubbleChat.swift */; };
		FDDA61D828202F8800829489 /* CameraComponent.swift in Sources */ = {isa = PBXBuildFile; fileRef = FDDA61D728202F8800829489 /* CameraComponent.swift */; };
		FDDA61DA28202F9400829489 /* CameraView.swift in Sources */ = {isa = PBXBuildFile; fileRef = FDDA61D928202F9400829489 /* CameraView.swift */; };
		FDDA61DD2820347D00829489 /* IntegrateCameraView.swift in Sources */ = {isa = PBXBuildFile; fileRef = FDDA61DC2820347D00829489 /* IntegrateCameraView.swift */; };
		FDDA61DF282034F300829489 /* ImagePicker.swift in Sources */ = {isa = PBXBuildFile; fileRef = FDDA61DE282034F300829489 /* ImagePicker.swift */; };
		FDDA61E1282038AC00829489 /* PhotoCaptureView.swift in Sources */ = {isa = PBXBuildFile; fileRef = FDDA61E0282038AC00829489 /* PhotoCaptureView.swift */; };
		FDDA61E328216BFD00829489 /* TestingWithNavigation.swift in Sources */ = {isa = PBXBuildFile; fileRef = FDDA61E228216BFD00829489 /* TestingWithNavigation.swift */; };
		FDDA61E528217A4600829489 /* TestingWithVStack.swift in Sources */ = {isa = PBXBuildFile; fileRef = FDDA61E428217A4600829489 /* TestingWithVStack.swift */; };
		FDDA61E728217DAD00829489 /* TestingWithZStack.swift in Sources */ = {isa = PBXBuildFile; fileRef = FDDA61E628217DAD00829489 /* TestingWithZStack.swift */; };
/* End PBXBuildFile section */

/* Begin PBXFileReference section */
		FD60DF7E281B2A1C00BD9B04 /* ExerciseSwiftComponent.app */ = {isa = PBXFileReference; explicitFileType = wrapper.application; includeInIndex = 0; path = ExerciseSwiftComponent.app; sourceTree = BUILT_PRODUCTS_DIR; };
		FD60DF81281B2A1C00BD9B04 /* ExerciseSwiftComponentApp.swift */ = {isa = PBXFileReference; lastKnownFileType = sourcecode.swift; path = ExerciseSwiftComponentApp.swift; sourceTree = "<group>"; };
		FD60DF83281B2A1C00BD9B04 /* ContentView.swift */ = {isa = PBXFileReference; lastKnownFileType = sourcecode.swift; path = ContentView.swift; sourceTree = "<group>"; };
		FD60DF85281B2A1D00BD9B04 /* Assets.xcassets */ = {isa = PBXFileReference; lastKnownFileType = folder.assetcatalog; path = Assets.xcassets; sourceTree = "<group>"; };
		FD60DF88281B2A1D00BD9B04 /* Preview Assets.xcassets */ = {isa = PBXFileReference; lastKnownFileType = folder.assetcatalog; path = "Preview Assets.xcassets"; sourceTree = "<group>"; };
		FD60DF93281B2F0700BD9B04 /* Bookworm.xcdatamodel */ = {isa = PBXFileReference; lastKnownFileType = wrapper.xcdatamodel; path = Bookworm.xcdatamodel; sourceTree = "<group>"; };
		FD60DF95281B301C00BD9B04 /* DataController.swift */ = {isa = PBXFileReference; lastKnownFileType = sourcecode.swift; path = DataController.swift; sourceTree = "<group>"; };
		FD60DF97281B7F2B00BD9B04 /* ContentCoreData.swift */ = {isa = PBXFileReference; lastKnownFileType = sourcecode.swift; path = ContentCoreData.swift; sourceTree = "<group>"; };
		FD60DF9A281BCB5400BD9B04 /* SearchBarExample.swift */ = {isa = PBXFileReference; lastKnownFileType = sourcecode.swift; path = SearchBarExample.swift; sourceTree = "<group>"; };
		FD60DF9D281BD19400BD9B04 /* BubbleChat.swift */ = {isa = PBXFileReference; lastKnownFileType = sourcecode.swift; path = BubbleChat.swift; sourceTree = "<group>"; };
		FDDA61D728202F8800829489 /* CameraComponent.swift */ = {isa = PBXFileReference; lastKnownFileType = sourcecode.swift; path = CameraComponent.swift; sourceTree = "<group>"; };
		FDDA61D928202F9400829489 /* CameraView.swift */ = {isa = PBXFileReference; lastKnownFileType = sourcecode.swift; path = CameraView.swift; sourceTree = "<group>"; };
		FDDA61DC2820347D00829489 /* IntegrateCameraView.swift */ = {isa = PBXFileReference; lastKnownFileType = sourcecode.swift; path = IntegrateCameraView.swift; sourceTree = "<group>"; };
		FDDA61DE282034F300829489 /* ImagePicker.swift */ = {isa = PBXFileReference; lastKnownFileType = sourcecode.swift; path = ImagePicker.swift; sourceTree = "<group>"; };
		FDDA61E0282038AC00829489 /* PhotoCaptureView.swift */ = {isa = PBXFileReference; lastKnownFileType = sourcecode.swift; path = PhotoCaptureView.swift; sourceTree = "<group>"; };
		FDDA61E228216BFD00829489 /* TestingWithNavigation.swift */ = {isa = PBXFileReference; lastKnownFileType = sourcecode.swift; path = TestingWithNavigation.swift; sourceTree = "<group>"; };
		FDDA61E428217A4600829489 /* TestingWithVStack.swift */ = {isa = PBXFileReference; lastKnownFileType = sourcecode.swift; path = TestingWithVStack.swift; sourceTree = "<group>"; };
		FDDA61E628217DAD00829489 /* TestingWithZStack.swift */ = {isa = PBXFileReference; lastKnownFileType = sourcecode.swift; path = TestingWithZStack.swift; sourceTree = "<group>"; };
/* End PBXFileReference section */

/* Begin PBXFrameworksBuildPhase section */
		FD60DF7B281B2A1C00BD9B04 /* Frameworks */ = {
			isa = PBXFrameworksBuildPhase;
			buildActionMask = 2147483647;
			files = (
			);
			runOnlyForDeploymentPostprocessing = 0;
		};
/* End PBXFrameworksBuildPhase section */

/* Begin PBXGroup section */
		FD60DF75281B2A1C00BD9B04 = {
			isa = PBXGroup;
			children = (
				FD60DF80281B2A1C00BD9B04 /* ExerciseSwiftComponent */,
				FD60DF7F281B2A1C00BD9B04 /* Products */,
			);
			sourceTree = "<group>";
		};
		FD60DF7F281B2A1C00BD9B04 /* Products */ = {
			isa = PBXGroup;
			children = (
				FD60DF7E281B2A1C00BD9B04 /* ExerciseSwiftComponent.app */,
			);
			name = Products;
			sourceTree = "<group>";
		};
		FD60DF80281B2A1C00BD9B04 /* ExerciseSwiftComponent */ = {
			isa = PBXGroup;
			children = (
				FDDA61DB2820345900829489 /* IntegrateCamera */,
				FDDA61D628202DA900829489 /* LightOpenCamera */,
				FD60DF9C281BD17F00BD9B04 /* BubbleChat */,
				FD60DF99281BCB3300BD9B04 /* SearchBar */,
				FD60DF91281B2E9700BD9B04 /* CoreData */,
				FD60DF81281B2A1C00BD9B04 /* ExerciseSwiftComponentApp.swift */,
				FD60DF83281B2A1C00BD9B04 /* ContentView.swift */,
				FD60DF85281B2A1D00BD9B04 /* Assets.xcassets */,
				FD60DF87281B2A1D00BD9B04 /* Preview Content */,
			);
			path = ExerciseSwiftComponent;
			sourceTree = "<group>";
		};
		FD60DF87281B2A1D00BD9B04 /* Preview Content */ = {
			isa = PBXGroup;
			children = (
				FD60DF88281B2A1D00BD9B04 /* Preview Assets.xcassets */,
			);
			path = "Preview Content";
			sourceTree = "<group>";
		};
		FD60DF91281B2E9700BD9B04 /* CoreData */ = {
			isa = PBXGroup;
			children = (
				FD60DF92281B2F0700BD9B04 /* Bookworm.xcdatamodeld */,
				FD60DF95281B301C00BD9B04 /* DataController.swift */,
				FD60DF97281B7F2B00BD9B04 /* ContentCoreData.swift */,
			);
			path = CoreData;
			sourceTree = "<group>";
		};
		FD60DF99281BCB3300BD9B04 /* SearchBar */ = {
			isa = PBXGroup;
			children = (
				FD60DF9A281BCB5400BD9B04 /* SearchBarExample.swift */,
			);
			path = SearchBar;
			sourceTree = "<group>";
		};
		FD60DF9C281BD17F00BD9B04 /* BubbleChat */ = {
			isa = PBXGroup;
			children = (
				FD60DF9D281BD19400BD9B04 /* BubbleChat.swift */,
			);
			path = BubbleChat;
			sourceTree = "<group>";
		};
		FDDA61D628202DA900829489 /* LightOpenCamera */ = {
			isa = PBXGroup;
			children = (
				FDDA61D728202F8800829489 /* CameraComponent.swift */,
				FDDA61D928202F9400829489 /* CameraView.swift */,
			);
			path = LightOpenCamera;
			sourceTree = "<group>";
		};
		FDDA61DB2820345900829489 /* IntegrateCamera */ = {
			isa = PBXGroup;
			children = (
				FDDA61DC2820347D00829489 /* IntegrateCameraView.swift */,
				FDDA61DE282034F300829489 /* ImagePicker.swift */,
				FDDA61E0282038AC00829489 /* PhotoCaptureView.swift */,
				FDDA61E228216BFD00829489 /* TestingWithNavigation.swift */,
				FDDA61E428217A4600829489 /* TestingWithVStack.swift */,
				FDDA61E628217DAD00829489 /* TestingWithZStack.swift */,
			);
			path = IntegrateCamera;
			sourceTree = "<group>";
		};
/* End PBXGroup section */

/* Begin PBXNativeTarget section */
		FD60DF7D281B2A1C00BD9B04 /* ExerciseSwiftComponent */ = {
			isa = PBXNativeTarget;
			buildConfigurationList = FD60DF8C281B2A1D00BD9B04 /* Build configuration list for PBXNativeTarget "ExerciseSwiftComponent" */;
			buildPhases = (
				FD60DF7A281B2A1C00BD9B04 /* Sources */,
				FD60DF7B281B2A1C00BD9B04 /* Frameworks */,
				FD60DF7C281B2A1C00BD9B04 /* Resources */,
			);
			buildRules = (
			);
			dependencies = (
			);
			name = ExerciseSwiftComponent;
			productName = ExerciseSwiftComponent;
			productReference = FD60DF7E281B2A1C00BD9B04 /* ExerciseSwiftComponent.app */;
			productType = "com.apple.product-type.application";
		};
/* End PBXNativeTarget section */

/* Begin PBXProject section */
		FD60DF76281B2A1C00BD9B04 /* Project object */ = {
			isa = PBXProject;
			attributes = {
				BuildIndependentTargetsInParallel = 1;
				LastSwiftUpdateCheck = 1330;
				LastUpgradeCheck = 1330;
				TargetAttributes = {
					FD60DF7D281B2A1C00BD9B04 = {
						CreatedOnToolsVersion = 13.3;
					};
				};
			};
			buildConfigurationList = FD60DF79281B2A1C00BD9B04 /* Build configuration list for PBXProject "ExerciseSwiftComponent" */;
			compatibilityVersion = "Xcode 13.0";
			developmentRegion = en;
			hasScannedForEncodings = 0;
			knownRegions = (
				en,
				Base,
			);
			mainGroup = FD60DF75281B2A1C00BD9B04;
			productRefGroup = FD60DF7F281B2A1C00BD9B04 /* Products */;
			projectDirPath = "";
			projectRoot = "";
			targets = (
				FD60DF7D281B2A1C00BD9B04 /* ExerciseSwiftComponent */,
			);
		};
/* End PBXProject section */

/* Begin PBXResourcesBuildPhase section */
		FD60DF7C281B2A1C00BD9B04 /* Resources */ = {
			isa = PBXResourcesBuildPhase;
			buildActionMask = 2147483647;
			files = (
				FD60DF89281B2A1D00BD9B04 /* Preview Assets.xcassets in Resources */,
				FD60DF86281B2A1D00BD9B04 /* Assets.xcassets in Resources */,
			);
			runOnlyForDeploymentPostprocessing = 0;
		};
/* End PBXResourcesBuildPhase section */

/* Begin PBXSourcesBuildPhase section */
		FD60DF7A281B2A1C00BD9B04 /* Sources */ = {
			isa = PBXSourcesBuildPhase;
			buildActionMask = 2147483647;
			files = (
				FDDA61E528217A4600829489 /* TestingWithVStack.swift in Sources */,
				FDDA61E728217DAD00829489 /* TestingWithZStack.swift in Sources */,
				FD60DF98281B7F2B00BD9B04 /* ContentCoreData.swift in Sources */,
				FD60DF84281B2A1C00BD9B04 /* ContentView.swift in Sources */,
				FDDA61E328216BFD00829489 /* TestingWithNavigation.swift in Sources */,
				FD60DF96281B301C00BD9B04 /* DataController.swift in Sources */,
				FDDA61DA28202F9400829489 /* CameraView.swift in Sources */,
				FD60DF94281B2F0700BD9B04 /* Bookworm.xcdatamodeld in Sources */,
				FDDA61D828202F8800829489 /* CameraComponent.swift in Sources */,
				FD60DF9B281BCB5400BD9B04 /* SearchBarExample.swift in Sources */,
				FDDA61DF282034F300829489 /* ImagePicker.swift in Sources */,
				FD60DF9E281BD19400BD9B04 /* BubbleChat.swift in Sources */,
				FD60DF82281B2A1C00BD9B04 /* ExerciseSwiftComponentApp.swift in Sources */,
				FDDA61E1282038AC00829489 /* PhotoCaptureView.swift in Sources */,
				FDDA61DD2820347D00829489 /* IntegrateCameraView.swift in Sources */,
			);
			runOnlyForDeploymentPostprocessing = 0;
		};
/* End PBXSourcesBuildPhase section */

/* Begin XCBuildConfiguration section */
		FD60DF8A281B2A1D00BD9B04 /* Debug */ = {
			isa = XCBuildConfiguration;
			buildSettings = {
				ALWAYS_SEARCH_USER_PATHS = NO;
				CLANG_ANALYZER_NONNULL = YES;
				CLANG_ANALYZER_NUMBER_OBJECT_CONVERSION = YES_AGGRESSIVE;
				CLANG_CXX_LANGUAGE_STANDARD = "gnu++17";
				CLANG_ENABLE_MODULES = YES;
				CLANG_ENABLE_OBJC_ARC = YES;
				CLANG_ENABLE_OBJC_WEAK = YES;
				CLANG_WARN_BLOCK_CAPTURE_AUTORELEASING = YES;
				CLANG_WARN_BOOL_CONVERSION = YES;
				CLANG_WARN_COMMA = YES;
				CLANG_WARN_CONSTANT_CONVERSION = YES;
				CLANG_WARN_DEPRECATED_OBJC_IMPLEMENTATIONS = YES;
				CLANG_WARN_DIRECT_OBJC_ISA_USAGE = YES_ERROR;
				CLANG_WARN_DOCUMENTATION_COMMENTS = YES;
				CLANG_WARN_EMPTY_BODY = YES;
				CLANG_WARN_ENUM_CONVERSION = YES;
				CLANG_WARN_INFINITE_RECURSION = YES;
				CLANG_WARN_INT_CONVERSION = YES;
				CLANG_WARN_NON_LITERAL_NULL_CONVERSION = YES;
				CLANG_WARN_OBJC_IMPLICIT_RETAIN_SELF = YES;
				CLANG_WARN_OBJC_LITERAL_CONVERSION = YES;
				CLANG_WARN_OBJC_ROOT_CLASS = YES_ERROR;
				CLANG_WARN_QUOTED_INCLUDE_IN_FRAMEWORK_HEADER = YES;
				CLANG_WARN_RANGE_LOOP_ANALYSIS = YES;
				CLANG_WARN_STRICT_PROTOTYPES = YES;
				CLANG_WARN_SUSPICIOUS_MOVE = YES;
				CLANG_WARN_UNGUARDED_AVAILABILITY = YES_AGGRESSIVE;
				CLANG_WARN_UNREACHABLE_CODE = YES;
				CLANG_WARN__DUPLICATE_METHOD_MATCH = YES;
				COPY_PHASE_STRIP = NO;
				DEBUG_INFORMATION_FORMAT = dwarf;
				ENABLE_STRICT_OBJC_MSGSEND = YES;
				ENABLE_TESTABILITY = YES;
				GCC_C_LANGUAGE_STANDARD = gnu11;
				GCC_DYNAMIC_NO_PIC = NO;
				GCC_NO_COMMON_BLOCKS = YES;
				GCC_OPTIMIZATION_LEVEL = 0;
				GCC_PREPROCESSOR_DEFINITIONS = (
					"DEBUG=1",
					"$(inherited)",
				);
				GCC_WARN_64_TO_32_BIT_CONVERSION = YES;
				GCC_WARN_ABOUT_RETURN_TYPE = YES_ERROR;
				GCC_WARN_UNDECLARED_SELECTOR = YES;
				GCC_WARN_UNINITIALIZED_AUTOS = YES_AGGRESSIVE;
				GCC_WARN_UNUSED_FUNCTION = YES;
				GCC_WARN_UNUSED_VARIABLE = YES;
				IPHONEOS_DEPLOYMENT_TARGET = 15.4;
				MTL_ENABLE_DEBUG_INFO = INCLUDE_SOURCE;
				MTL_FAST_MATH = YES;
				ONLY_ACTIVE_ARCH = YES;
				SDKROOT = iphoneos;
				SWIFT_ACTIVE_COMPILATION_CONDITIONS = DEBUG;
				SWIFT_OPTIMIZATION_LEVEL = "-Onone";
			};
			name = Debug;
		};
		FD60DF8B281B2A1D00BD9B04 /* Release */ = {
			isa = XCBuildConfiguration;
			buildSettings = {
				ALWAYS_SEARCH_USER_PATHS = NO;
				CLANG_ANALYZER_NONNULL = YES;
				CLANG_ANALYZER_NUMBER_OBJECT_CONVERSION = YES_AGGRESSIVE;
				CLANG_CXX_LANGUAGE_STANDARD = "gnu++17";
				CLANG_ENABLE_MODULES = YES;
				CLANG_ENABLE_OBJC_ARC = YES;
				CLANG_ENABLE_OBJC_WEAK = YES;
				CLANG_WARN_BLOCK_CAPTURE_AUTORELEASING = YES;
				CLANG_WARN_BOOL_CONVERSION = YES;
				CLANG_WARN_COMMA = YES;
				CLANG_WARN_CONSTANT_CONVERSION = YES;
				CLANG_WARN_DEPRECATED_OBJC_IMPLEMENTATIONS = YES;
				CLANG_WARN_DIRECT_OBJC_ISA_USAGE = YES_ERROR;
				CLANG_WARN_DOCUMENTATION_COMMENTS = YES;
				CLANG_WARN_EMPTY_BODY = YES;
				CLANG_WARN_ENUM_CONVERSION = YES;
				CLANG_WARN_INFINITE_RECURSION = YES;
				CLANG_WARN_INT_CONVERSION = YES;
				CLANG_WARN_NON_LITERAL_NULL_CONVERSION = YES;
				CLANG_WARN_OBJC_IMPLICIT_RETAIN_SELF = YES;
				CLANG_WARN_OBJC_LITERAL_CONVERSION = YES;
				CLANG_WARN_OBJC_ROOT_CLASS = YES_ERROR;
				CLANG_WARN_QUOTED_INCLUDE_IN_FRAMEWORK_HEADER = YES;
				CLANG_WARN_RANGE_LOOP_ANALYSIS = YES;
				CLANG_WARN_STRICT_PROTOTYPES = YES;
				CLANG_WARN_SUSPICIOUS_MOVE = YES;
				CLANG_WARN_UNGUARDED_AVAILABILITY = YES_AGGRESSIVE;
				CLANG_WARN_UNREACHABLE_CODE = YES;
				CLANG_WARN__DUPLICATE_METHOD_MATCH = YES;
				COPY_PHASE_STRIP = NO;
				DEBUG_INFORMATION_FORMAT = "dwarf-with-dsym";
				ENABLE_NS_ASSERTIONS = NO;
				ENABLE_STRICT_OBJC_MSGSEND = YES;
				GCC_C_LANGUAGE_STANDARD = gnu11;
				GCC_NO_COMMON_BLOCKS = YES;
				GCC_WARN_64_TO_32_BIT_CONVERSION = YES;
				GCC_WARN_ABOUT_RETURN_TYPE = YES_ERROR;
				GCC_WARN_UNDECLARED_SELECTOR = YES;
				GCC_WARN_UNINITIALIZED_AUTOS = YES_AGGRESSIVE;
				GCC_WARN_UNUSED_FUNCTION = YES;
				GCC_WARN_UNUSED_VARIABLE = YES;
				IPHONEOS_DEPLOYMENT_TARGET = 15.4;
				MTL_ENABLE_DEBUG_INFO = NO;
				MTL_FAST_MATH = YES;
				SDKROOT = iphoneos;
				SWIFT_COMPILATION_MODE = wholemodule;
				SWIFT_OPTIMIZATION_LEVEL = "-O";
				VALIDATE_PRODUCT = YES;
			};
			name = Release;
		};
		FD60DF8D281B2A1D00BD9B04 /* Debug */ = {
			isa = XCBuildConfiguration;
			buildSettings = {
				ASSETCATALOG_COMPILER_APPICON_NAME = AppIcon;
				ASSETCATALOG_COMPILER_GLOBAL_ACCENT_COLOR_NAME = AccentColor;
				CODE_SIGN_STYLE = Automatic;
				CURRENT_PROJECT_VERSION = 1;
				DEVELOPMENT_ASSET_PATHS = "\"ExerciseSwiftComponent/Preview Content\"";
				DEVELOPMENT_TEAM = FANN368M5W;
				ENABLE_PREVIEWS = YES;
				GENERATE_INFOPLIST_FILE = YES;
				INFOPLIST_KEY_NSCameraUsageDescription = "Camera is needed for taking pictures";
				INFOPLIST_KEY_NSPhotoLibraryUsageDescription = "Access to Photo Library is needed for saving captured media.";
				INFOPLIST_KEY_UIApplicationSceneManifest_Generation = YES;
				INFOPLIST_KEY_UIApplicationSupportsIndirectInputEvents = YES;
				INFOPLIST_KEY_UILaunchScreen_Generation = YES;
				INFOPLIST_KEY_UISupportedInterfaceOrientations_iPad = "UIInterfaceOrientationPortrait UIInterfaceOrientationPortraitUpsideDown UIInterfaceOrientationLandscapeLeft UIInterfaceOrientationLandscapeRight";
				INFOPLIST_KEY_UISupportedInterfaceOrientations_iPhone = "UIInterfaceOrientationPortrait UIInterfaceOrientationLandscapeLeft UIInterfaceOrientationLandscapeRight";
				LD_RUNPATH_SEARCH_PATHS = (
					"$(inherited)",
					"@executable_path/Frameworks",
				);
				MARKETING_VERSION = 1.0;
				PRODUCT_BUNDLE_IDENTIFIER = com.eddocip.ExerciseSwiftComponent;
				PRODUCT_NAME = "$(TARGET_NAME)";
				SWIFT_EMIT_LOC_STRINGS = YES;
				SWIFT_VERSION = 5.0;
				TARGETED_DEVICE_FAMILY = "1,2";
			};
			name = Debug;
		};
		FD60DF8E281B2A1D00BD9B04 /* Release */ = {
			isa = XCBuildConfiguration;
			buildSettings = {
				ASSETCATALOG_COMPILER_APPICON_NAME = AppIcon;
				ASSETCATALOG_COMPILER_GLOBAL_ACCENT_COLOR_NAME = AccentColor;
				CODE_SIGN_STYLE = Automatic;
				CURRENT_PROJECT_VERSION = 1;
				DEVELOPMENT_ASSET_PATHS = "\"ExerciseSwiftComponent/Preview Content\"";
				DEVELOPMENT_TEAM = FANN368M5W;
				ENABLE_PREVIEWS = YES;
				GENERATE_INFOPLIST_FILE = YES;
				INFOPLIST_KEY_NSCameraUsageDescription = "Camera is needed for taking pictures";
				INFOPLIST_KEY_NSPhotoLibraryUsageDescription = "Access to Photo Library is needed for saving captured media.";
				INFOPLIST_KEY_UIApplicationSceneManifest_Generation = YES;
				INFOPLIST_KEY_UIApplicationSupportsIndirectInputEvents = YES;
				INFOPLIST_KEY_UILaunchScreen_Generation = YES;
				INFOPLIST_KEY_UISupportedInterfaceOrientations_iPad = "UIInterfaceOrientationPortrait UIInterfaceOrientationPortraitUpsideDown UIInterfaceOrientationLandscapeLeft UIInterfaceOrientationLandscapeRight";
				INFOPLIST_KEY_UISupportedInterfaceOrientations_iPhone = "UIInterfaceOrientationPortrait UIInterfaceOrientationLandscapeLeft UIInterfaceOrientationLandscapeRight";
				LD_RUNPATH_SEARCH_PATHS = (
					"$(inherited)",
					"@executable_path/Frameworks",
				);
				MARKETING_VERSION = 1.0;
				PRODUCT_BUNDLE_IDENTIFIER = com.eddocip.ExerciseSwiftComponent;
				PRODUCT_NAME = "$(TARGET_NAME)";
				SWIFT_EMIT_LOC_STRINGS = YES;
				SWIFT_VERSION = 5.0;
				TARGETED_DEVICE_FAMILY = "1,2";
			};
			name = Release;
		};
/* End XCBuildConfiguration section */

/* Begin XCConfigurationList section */
		FD60DF79281B2A1C00BD9B04 /* Build configuration list for PBXProject "ExerciseSwiftComponent" */ = {
			isa = XCConfigurationList;
			buildConfigurations = (
				FD60DF8A281B2A1D00BD9B04 /* Debug */,
				FD60DF8B281B2A1D00BD9B04 /* Release */,
			);
			defaultConfigurationIsVisible = 0;
			defaultConfigurationName = Release;
		};
		FD60DF8C281B2A1D00BD9B04 /* Build configuration list for PBXNativeTarget "ExerciseSwiftComponent" */ = {
			isa = XCConfigurationList;
			buildConfigurations = (
				FD60DF8D281B2A1D00BD9B04 /* Debug */,
				FD60DF8E281B2A1D00BD9B04 /* Release */,
			);
			defaultConfigurationIsVisible = 0;
			defaultConfigurationName = Release;
		};
/* End XCConfigurationList section */

/* Begin XCVersionGroup section */
		FD60DF92281B2F0700BD9B04 /* Bookworm.xcdatamodeld */ = {
			isa = XCVersionGroup;
			children = (
				FD60DF93281B2F0700BD9B04 /* Bookworm.xcdatamodel */,
			);
			currentVersion = FD60DF93281B2F0700BD9B04 /* Bookworm.xcdatamodel */;
			path = Bookworm.xcdatamodeld;
			sourceTree = "<group>";
			versionGroupType = wrapper.xcdatamodel;
		};
/* End XCVersionGroup section */
	};
	rootObject = FD60DF76281B2A1C00BD9B04 /* Project object */;
}
